
Microsoft Visual Studio Solution File, Format Version 12.00
# Visual Studio 15
VisualStudioVersion = 15.0.28307.779
MinimumVisualStudioVersion = 10.0.40219.1
Project("{FAE04EC0-301F-11D3-BF4B-00C04F79EFBC}") = "Midterm.Activity2.LuisaKatrinaReyes.windows", "Midterm.Activity2.LuisaKatrinaReyes.windows\Midterm.Activity2.LuisaKatrinaReyes.windows.csproj", "{46D62F33-1C4E-406A-94C9-E5E9493A5433}"
EndProject
Global
	GlobalSection(SolutionConfigurationPlatforms) = preSolution
		Debug|Any CPU = Debug|Any CPU
		Release|Any CPU = Release|Any CPU
	EndGlobalSection
	GlobalSection(ProjectConfigurationPlatforms) = postSolution
		{46D62F33-1C4E-406A-94C9-E5E9493A5433}.Debug|Any CPU.ActiveCfg = Debug|Any CPU
		{46D62F33-1C4E-406A-94C9-E5E9493A5433}.Debug|Any CPU.Build.0 = Debug|Any CPU
		{46D62F33-1C4E-406A-94C9-E5E9493A5433}.Release|Any CPU.ActiveCfg = Release|Any CPU
		{46D62F33-1C4E-406A-94C9-E5E9493A5433}.Release|Any CPU.Build.0 = Release|Any CPU
	EndGlobalSection
	GlobalSection(SolutionProperties) = preSolution
		HideSolutionNode = FALSE
	EndGlobalSection
	GlobalSection(ExtensibilityGlobals) = postSolution
		SolutionGuid = {B862D448-44F0-4835-9AC5-43FD213BDA9E}
	EndGlobalSection
EndGlobal
